// !$*UTF8*$!
{
	archiveVersion = 1;
	classes = {
	};
	objectVersion = 46;
	objects = {

/* Begin PBXBuildFile section */
		EB46D52A1F2BC084002A6EA7 /* ExpandableHeaderView.swift in Sources */ = {isa = PBXBuildFile; fileRef = EB46D5291F2BC084002A6EA7 /* ExpandableHeaderView.swift */; };
		EB46D52E1F2BD039002A6EA7 /* ExpandableHeaderView.xib in Resources */ = {isa = PBXBuildFile; fileRef = EB46D52D1F2BD039002A6EA7 /* ExpandableHeaderView.xib */; };
		EB46D58A1F31346E002A6EA7 /* WhiteTimePicker.swift in Sources */ = {isa = PBXBuildFile; fileRef = EB46D5891F31346E002A6EA7 /* WhiteTimePicker.swift */; };
		EB46D5901F322088002A6EA7 /* TimePickerTableViewCell.swift in Sources */ = {isa = PBXBuildFile; fileRef = EB46D58E1F322088002A6EA7 /* TimePickerTableViewCell.swift */; };
		EB46D59C1F324D4B002A6EA7 /* TimePickerTableViewCell.xib in Resources */ = {isa = PBXBuildFile; fileRef = EB46D59B1F324D4B002A6EA7 /* TimePickerTableViewCell.xib */; };
		EB9DAFD91F34B73C00CF7480 /* ColorSettingTableViewCell.swift in Sources */ = {isa = PBXBuildFile; fileRef = EB9DAFD81F34B73C00CF7480 /* ColorSettingTableViewCell.swift */; };
		EB9DAFDB1F34DDF200CF7480 /* SettingNavigationController.swift in Sources */ = {isa = PBXBuildFile; fileRef = EB9DAFDA1F34DDF200CF7480 /* SettingNavigationController.swift */; };
		EB9DAFDD1F3516F500CF7480 /* Progress.swift in Sources */ = {isa = PBXBuildFile; fileRef = EB9DAFDC1F3516F500CF7480 /* Progress.swift */; };
		EB9DB00E1F3A02B900CF7480 /* Circular_Progress_TrackerTests.swift in Sources */ = {isa = PBXBuildFile; fileRef = EB9DB00D1F3A02B900CF7480 /* Circular_Progress_TrackerTests.swift */; };
		EBBA88291EFD6377009EED7A /* AppDelegate.swift in Sources */ = {isa = PBXBuildFile; fileRef = EBBA88281EFD6377009EED7A /* AppDelegate.swift */; };
		EBBA882B1EFD6377009EED7A /* ProgressViewController.swift in Sources */ = {isa = PBXBuildFile; fileRef = EBBA882A1EFD6377009EED7A /* ProgressViewController.swift */; };
		EBBA882E1EFD6377009EED7A /* Main.storyboard in Resources */ = {isa = PBXBuildFile; fileRef = EBBA882C1EFD6377009EED7A /* Main.storyboard */; };
		EBBA88301EFD6377009EED7A /* Assets.xcassets in Resources */ = {isa = PBXBuildFile; fileRef = EBBA882F1EFD6377009EED7A /* Assets.xcassets */; };
		EBBA88331EFD6377009EED7A /* LaunchScreen.storyboard in Resources */ = {isa = PBXBuildFile; fileRef = EBBA88311EFD6377009EED7A /* LaunchScreen.storyboard */; };
		EBBA883C1EFD6479009EED7A /* ProgressCircleView.swift in Sources */ = {isa = PBXBuildFile; fileRef = EBBA883B1EFD6479009EED7A /* ProgressCircleView.swift */; };
		EBBA88681F055009009EED7A /* SettingsTableViewController.swift in Sources */ = {isa = PBXBuildFile; fileRef = EBBA88671F055009009EED7A /* SettingsTableViewController.swift */; };
		EBBA886C1F0593E9009EED7A /* Settings.swift in Sources */ = {isa = PBXBuildFile; fileRef = EBBA886B1F0593E9009EED7A /* Settings.swift */; };
/* End PBXBuildFile section */

/* Begin PBXContainerItemProxy section */
		EB9DB0101F3A02B900CF7480 /* PBXContainerItemProxy */ = {
			isa = PBXContainerItemProxy;
			containerPortal = EBBA881D1EFD6377009EED7A /* Project object */;
			proxyType = 1;
			remoteGlobalIDString = EBBA88241EFD6377009EED7A;
			remoteInfo = "Circular Progress Tracker";
		};
/* End PBXContainerItemProxy section */

/* Begin PBXFileReference section */
		EB46D5291F2BC084002A6EA7 /* ExpandableHeaderView.swift */ = {isa = PBXFileReference; fileEncoding = 4; lastKnownFileType = sourcecode.swift; path = ExpandableHeaderView.swift; sourceTree = "<group>"; };
		EB46D52D1F2BD039002A6EA7 /* ExpandableHeaderView.xib */ = {isa = PBXFileReference; fileEncoding = 4; lastKnownFileType = file.xib; path = ExpandableHeaderView.xib; sourceTree = "<group>"; };
		EB46D5891F31346E002A6EA7 /* WhiteTimePicker.swift */ = {isa = PBXFileReference; fileEncoding = 4; lastKnownFileType = sourcecode.swift; path = WhiteTimePicker.swift; sourceTree = "<group>"; };
		EB46D58E1F322088002A6EA7 /* TimePickerTableViewCell.swift */ = {isa = PBXFileReference; fileEncoding = 4; lastKnownFileType = sourcecode.swift; path = TimePickerTableViewCell.swift; sourceTree = "<group>"; };
		EB46D59B1F324D4B002A6EA7 /* TimePickerTableViewCell.xib */ = {isa = PBXFileReference; fileEncoding = 4; lastKnownFileType = file.xib; path = TimePickerTableViewCell.xib; sourceTree = "<group>"; };
		EB9DAFD81F34B73C00CF7480 /* ColorSettingTableViewCell.swift */ = {isa = PBXFileReference; fileEncoding = 4; lastKnownFileType = sourcecode.swift; path = ColorSettingTableViewCell.swift; sourceTree = "<group>"; };
		EB9DAFDA1F34DDF200CF7480 /* SettingNavigationController.swift */ = {isa = PBXFileReference; fileEncoding = 4; lastKnownFileType = sourcecode.swift; path = SettingNavigationController.swift; sourceTree = "<group>"; };
		EB9DAFDC1F3516F500CF7480 /* Progress.swift */ = {isa = PBXFileReference; fileEncoding = 4; lastKnownFileType = sourcecode.swift; path = Progress.swift; sourceTree = "<group>"; };
		EB9DB00B1F3A02B900CF7480 /* Circular Progress TrackerTests.xctest */ = {isa = PBXFileReference; explicitFileType = wrapper.cfbundle; includeInIndex = 0; path = "Circular Progress TrackerTests.xctest"; sourceTree = BUILT_PRODUCTS_DIR; };
		EB9DB00D1F3A02B900CF7480 /* Circular_Progress_TrackerTests.swift */ = {isa = PBXFileReference; lastKnownFileType = sourcecode.swift; path = Circular_Progress_TrackerTests.swift; sourceTree = "<group>"; };
		EB9DB00F1F3A02B900CF7480 /* Info.plist */ = {isa = PBXFileReference; lastKnownFileType = text.plist.xml; path = Info.plist; sourceTree = "<group>"; };
		EBBA88251EFD6377009EED7A /* Circular Progress Tracker.app */ = {isa = PBXFileReference; explicitFileType = wrapper.application; includeInIndex = 0; path = "Circular Progress Tracker.app"; sourceTree = BUILT_PRODUCTS_DIR; };
		EBBA88281EFD6377009EED7A /* AppDelegate.swift */ = {isa = PBXFileReference; lastKnownFileType = sourcecode.swift; path = AppDelegate.swift; sourceTree = "<group>"; };
		EBBA882A1EFD6377009EED7A /* ProgressViewController.swift */ = {isa = PBXFileReference; lastKnownFileType = sourcecode.swift; path = ProgressViewController.swift; sourceTree = "<group>"; };
		EBBA882D1EFD6377009EED7A /* Base */ = {isa = PBXFileReference; lastKnownFileType = file.storyboard; name = Base; path = Base.lproj/Main.storyboard; sourceTree = "<group>"; };
		EBBA882F1EFD6377009EED7A /* Assets.xcassets */ = {isa = PBXFileReference; lastKnownFileType = folder.assetcatalog; path = Assets.xcassets; sourceTree = "<group>"; };
		EBBA88321EFD6377009EED7A /* Base */ = {isa = PBXFileReference; lastKnownFileType = file.storyboard; name = Base; path = Base.lproj/LaunchScreen.storyboard; sourceTree = "<group>"; };
		EBBA88341EFD6377009EED7A /* Info.plist */ = {isa = PBXFileReference; lastKnownFileType = text.plist.xml; path = Info.plist; sourceTree = "<group>"; };
		EBBA883B1EFD6479009EED7A /* ProgressCircleView.swift */ = {isa = PBXFileReference; fileEncoding = 4; lastKnownFileType = sourcecode.swift; path = ProgressCircleView.swift; sourceTree = "<group>"; };
		EBBA88671F055009009EED7A /* SettingsTableViewController.swift */ = {isa = PBXFileReference; fileEncoding = 4; lastKnownFileType = sourcecode.swift; path = SettingsTableViewController.swift; sourceTree = "<group>"; };
		EBBA886B1F0593E9009EED7A /* Settings.swift */ = {isa = PBXFileReference; fileEncoding = 4; lastKnownFileType = sourcecode.swift; path = Settings.swift; sourceTree = "<group>"; };
/* End PBXFileReference section */

/* Begin PBXFrameworksBuildPhase section */
		EB9DB0081F3A02B900CF7480 /* Frameworks */ = {
			isa = PBXFrameworksBuildPhase;
			buildActionMask = 2147483647;
			files = (
			);
			runOnlyForDeploymentPostprocessing = 0;
		};
		EBBA88221EFD6377009EED7A /* Frameworks */ = {
			isa = PBXFrameworksBuildPhase;
			buildActionMask = 2147483647;
			files = (
			);
			runOnlyForDeploymentPostprocessing = 0;
		};
/* End PBXFrameworksBuildPhase section */

/* Begin PBXGroup section */
		EB46D5281F2BC057002A6EA7 /* Settings */ = {
			isa = PBXGroup;
			children = (
				EB46D5981F32467D002A6EA7 /* Header */,
				EB46D58B1F32203A002A6EA7 /* TimePicker */,
				EBBA886B1F0593E9009EED7A /* Settings.swift */,
				EB9DAFDA1F34DDF200CF7480 /* SettingNavigationController.swift */,
				EBBA88671F055009009EED7A /* SettingsTableViewController.swift */,
				EB9DAFD81F34B73C00CF7480 /* ColorSettingTableViewCell.swift */,
			);
			name = Settings;
			sourceTree = "<group>";
		};
		EB46D58B1F32203A002A6EA7 /* TimePicker */ = {
			isa = PBXGroup;
			children = (
				EB46D5891F31346E002A6EA7 /* WhiteTimePicker.swift */,
				EB46D58E1F322088002A6EA7 /* TimePickerTableViewCell.swift */,
				EB46D59B1F324D4B002A6EA7 /* TimePickerTableViewCell.xib */,
			);
			name = TimePicker;
			sourceTree = "<group>";
		};
		EB46D5981F32467D002A6EA7 /* Header */ = {
			isa = PBXGroup;
			children = (
				EB46D5291F2BC084002A6EA7 /* ExpandableHeaderView.swift */,
				EB46D52D1F2BD039002A6EA7 /* ExpandableHeaderView.xib */,
			);
			name = Header;
			sourceTree = "<group>";
		};
		EB9DB00C1F3A02B900CF7480 /* Circular Progress TrackerTests */ = {
			isa = PBXGroup;
			children = (
				EB9DB00D1F3A02B900CF7480 /* Circular_Progress_TrackerTests.swift */,
				EB9DB00F1F3A02B900CF7480 /* Info.plist */,
			);
			path = "Circular Progress TrackerTests";
			sourceTree = "<group>";
		};
		EBBA881C1EFD6377009EED7A = {
			isa = PBXGroup;
			children = (
				EBBA88271EFD6377009EED7A /* CircularProgressTracker */,
				EB9DB00C1F3A02B900CF7480 /* Circular Progress TrackerTests */,
				EBBA88261EFD6377009EED7A /* Products */,
			);
			sourceTree = "<group>";
		};
		EBBA88261EFD6377009EED7A /* Products */ = {
			isa = PBXGroup;
			children = (
				EBBA88251EFD6377009EED7A /* Circular Progress Tracker.app */,
				EB9DB00B1F3A02B900CF7480 /* Circular Progress TrackerTests.xctest */,
			);
			name = Products;
			sourceTree = "<group>";
		};
		EBBA88271EFD6377009EED7A /* CircularProgressTracker */ = {
			isa = PBXGroup;
			children = (
				EBBA882C1EFD6377009EED7A /* Main.storyboard */,
				EBBA883B1EFD6479009EED7A /* ProgressCircleView.swift */,
				EBBA882A1EFD6377009EED7A /* ProgressViewController.swift */,
				EB9DAFDC1F3516F500CF7480 /* Progress.swift */,
				EB46D5281F2BC057002A6EA7 /* Settings */,
				EBBA883A1EFD63A2009EED7A /* Supporting Files */,
			);
			name = CircularProgressTracker;
			path = "Circular Progress Tracker";
			sourceTree = "<group>";
		};
		EBBA883A1EFD63A2009EED7A /* Supporting Files */ = {
			isa = PBXGroup;
			children = (
				EBBA88311EFD6377009EED7A /* LaunchScreen.storyboard */,
				EBBA88281EFD6377009EED7A /* AppDelegate.swift */,
				EBBA882F1EFD6377009EED7A /* Assets.xcassets */,
				EBBA88341EFD6377009EED7A /* Info.plist */,
			);
			name = "Supporting Files";
			sourceTree = "<group>";
		};
/* End PBXGroup section */

/* Begin PBXNativeTarget section */
		EB9DB00A1F3A02B900CF7480 /* Circular Progress TrackerTests */ = {
			isa = PBXNativeTarget;
			buildConfigurationList = EB9DB0121F3A02B900CF7480 /* Build configuration list for PBXNativeTarget "Circular Progress TrackerTests" */;
			buildPhases = (
				EB9DB0071F3A02B900CF7480 /* Sources */,
				EB9DB0081F3A02B900CF7480 /* Frameworks */,
				EB9DB0091F3A02B900CF7480 /* Resources */,
			);
			buildRules = (
			);
			dependencies = (
				EB9DB0111F3A02B900CF7480 /* PBXTargetDependency */,
			);
			name = "Circular Progress TrackerTests";
			productName = "Circular Progress TrackerTests";
			productReference = EB9DB00B1F3A02B900CF7480 /* Circular Progress TrackerTests.xctest */;
			productType = "com.apple.product-type.bundle.unit-test";
		};
		EBBA88241EFD6377009EED7A /* Circular Progress Tracker */ = {
			isa = PBXNativeTarget;
			buildConfigurationList = EBBA88371EFD6377009EED7A /* Build configuration list for PBXNativeTarget "Circular Progress Tracker" */;
			buildPhases = (
				EBBA88211EFD6377009EED7A /* Sources */,
				EBBA88221EFD6377009EED7A /* Frameworks */,
				EBBA88231EFD6377009EED7A /* Resources */,
			);
			buildRules = (
			);
			dependencies = (
			);
			name = "Circular Progress Tracker";
			productName = "Circular Progress Tracker";
			productReference = EBBA88251EFD6377009EED7A /* Circular Progress Tracker.app */;
			productType = "com.apple.product-type.application";
		};
/* End PBXNativeTarget section */

/* Begin PBXProject section */
		EBBA881D1EFD6377009EED7A /* Project object */ = {
			isa = PBXProject;
			attributes = {
				LastSwiftUpdateCheck = 0830;
				LastUpgradeCheck = 0830;
				ORGANIZATIONNAME = "Kayden Thomson";
				TargetAttributes = {
					EB9DB00A1F3A02B900CF7480 = {
						CreatedOnToolsVersion = 8.3.3;
						DevelopmentTeam = 592V4HSMJ5;
						ProvisioningStyle = Automatic;
						TestTargetID = EBBA88241EFD6377009EED7A;
					};
					EBBA88241EFD6377009EED7A = {
						CreatedOnToolsVersion = 8.3.3;
						DevelopmentTeam = 592V4HSMJ5;
						ProvisioningStyle = Automatic;
					};
				};
			};
			buildConfigurationList = EBBA88201EFD6377009EED7A /* Build configuration list for PBXProject "Circular Progress Tracker" */;
			compatibilityVersion = "Xcode 3.2";
			developmentRegion = English;
			hasScannedForEncodings = 0;
			knownRegions = (
				en,
				Base,
			);
			mainGroup = EBBA881C1EFD6377009EED7A;
			productRefGroup = EBBA88261EFD6377009EED7A /* Products */;
			projectDirPath = "";
			projectRoot = "";
			targets = (
				EBBA88241EFD6377009EED7A /* Circular Progress Tracker */,
				EB9DB00A1F3A02B900CF7480 /* Circular Progress TrackerTests */,
			);
		};
/* End PBXProject section */

/* Begin PBXResourcesBuildPhase section */
		EB9DB0091F3A02B900CF7480 /* Resources */ = {
			isa = PBXResourcesBuildPhase;
			buildActionMask = 2147483647;
			files = (
			);
			runOnlyForDeploymentPostprocessing = 0;
		};
		EBBA88231EFD6377009EED7A /* Resources */ = {
			isa = PBXResourcesBuildPhase;
			buildActionMask = 2147483647;
			files = (
				EBBA88331EFD6377009EED7A /* LaunchScreen.storyboard in Resources */,
				EB46D59C1F324D4B002A6EA7 /* TimePickerTableViewCell.xib in Resources */,
				EB46D52E1F2BD039002A6EA7 /* ExpandableHeaderView.xib in Resources */,
				EBBA88301EFD6377009EED7A /* Assets.xcassets in Resources */,
				EBBA882E1EFD6377009EED7A /* Main.storyboard in Resources */,
			);
			runOnlyForDeploymentPostprocessing = 0;
		};
/* End PBXResourcesBuildPhase section */

/* Begin PBXSourcesBuildPhase section */
		EB9DB0071F3A02B900CF7480 /* Sources */ = {
			isa = PBXSourcesBuildPhase;
			buildActionMask = 2147483647;
			files = (
				EB9DB00E1F3A02B900CF7480 /* Circular_Progress_TrackerTests.swift in Sources */,
			);
			runOnlyForDeploymentPostprocessing = 0;
		};
		EBBA88211EFD6377009EED7A /* Sources */ = {
			isa = PBXSourcesBuildPhase;
			buildActionMask = 2147483647;
			files = (
				EB46D5901F322088002A6EA7 /* TimePickerTableViewCell.swift in Sources */,
				EB9DAFDD1F3516F500CF7480 /* Progress.swift in Sources */,
				EBBA88681F055009009EED7A /* SettingsTableViewController.swift in Sources */,
				EB46D52A1F2BC084002A6EA7 /* ExpandableHeaderView.swift in Sources */,
				EB9DAFD91F34B73C00CF7480 /* ColorSettingTableViewCell.swift in Sources */,
				EB9DAFDB1F34DDF200CF7480 /* SettingNavigationController.swift in Sources */,
				EBBA882B1EFD6377009EED7A /* ProgressViewController.swift in Sources */,
				EBBA886C1F0593E9009EED7A /* Settings.swift in Sources */,
				EBBA883C1EFD6479009EED7A /* ProgressCircleView.swift in Sources */,
				EB46D58A1F31346E002A6EA7 /* WhiteTimePicker.swift in Sources */,
				EBBA88291EFD6377009EED7A /* AppDelegate.swift in Sources */,
			);
			runOnlyForDeploymentPostprocessing = 0;
		};
/* End PBXSourcesBuildPhase section */

/* Begin PBXTargetDependency section */
		EB9DB0111F3A02B900CF7480 /* PBXTargetDependency */ = {
			isa = PBXTargetDependency;
			target = EBBA88241EFD6377009EED7A /* Circular Progress Tracker */;
			targetProxy = EB9DB0101F3A02B900CF7480 /* PBXContainerItemProxy */;
		};
/* End PBXTargetDependency section */

/* Begin PBXVariantGroup section */
		EBBA882C1EFD6377009EED7A /* Main.storyboard */ = {
			isa = PBXVariantGroup;
			children = (
				EBBA882D1EFD6377009EED7A /* Base */,
			);
			name = Main.storyboard;
			sourceTree = "<group>";
		};
		EBBA88311EFD6377009EED7A /* LaunchScreen.storyboard */ = {
			isa = PBXVariantGroup;
			children = (
				EBBA88321EFD6377009EED7A /* Base */,
			);
			name = LaunchScreen.storyboard;
			sourceTree = "<group>";
		};
/* End PBXVariantGroup section */

/* Begin XCBuildConfiguration section */
		EB9DB0131F3A02B900CF7480 /* Debug */ = {
			isa = XCBuildConfiguration;
			buildSettings = {
				BUNDLE_LOADER = "$(TEST_HOST)";
				DEVELOPMENT_TEAM = 592V4HSMJ5;
				INFOPLIST_FILE = "Circular Progress TrackerTests/Info.plist";
				LD_RUNPATH_SEARCH_PATHS = "$(inherited) @executable_path/Frameworks @loader_path/Frameworks";
				PRODUCT_BUNDLE_IDENTIFIER = "com.example.Circular-Progress-TrackerTests";
				PRODUCT_NAME = "$(TARGET_NAME)";
				SWIFT_VERSION = 3.0;
				TEST_HOST = "$(BUILT_PRODUCTS_DIR)/Circular Progress Tracker.app/Circular Progress Tracker";
			};
			name = Debug;
		};
		EB9DB0141F3A02B900CF7480 /* Release */ = {
			isa = XCBuildConfiguration;
			buildSettings = {
				BUNDLE_LOADER = "$(TEST_HOST)";
				DEVELOPMENT_TEAM = 592V4HSMJ5;
				INFOPLIST_FILE = "Circular Progress TrackerTests/Info.plist";
				LD_RUNPATH_SEARCH_PATHS = "$(inherited) @executable_path/Frameworks @loader_path/Frameworks";
				PRODUCT_BUNDLE_IDENTIFIER = "com.example.Circular-Progress-TrackerTests";
				PRODUCT_NAME = "$(TARGET_NAME)";
				SWIFT_VERSION = 3.0;
				TEST_HOST = "$(BUILT_PRODUCTS_DIR)/Circular Progress Tracker.app/Circular Progress Tracker";
			};
			name = Release;
		};
		EBBA88351EFD6377009EED7A /* Debug */ = {
			isa = XCBuildConfiguration;
			buildSettings = {
				ALWAYS_SEARCH_USER_PATHS = NO;
				CLANG_ANALYZER_NONNULL = YES;
				CLANG_ANALYZER_NUMBER_OBJECT_CONVERSION = YES_AGGRESSIVE;
				CLANG_CXX_LANGUAGE_STANDARD = "gnu++0x";
				CLANG_CXX_LIBRARY = "libc++";
				CLANG_ENABLE_MODULES = YES;
				CLANG_ENABLE_OBJC_ARC = YES;
				CLANG_WARN_BOOL_CONVERSION = YES;
				CLANG_WARN_CONSTANT_CONVERSION = YES;
				CLANG_WARN_DIRECT_OBJC_ISA_USAGE = YES_ERROR;
				CLANG_WARN_DOCUMENTATION_COMMENTS = YES;
				CLANG_WARN_EMPTY_BODY = YES;
				CLANG_WARN_ENUM_CONVERSION = YES;
				CLANG_WARN_INFINITE_RECURSION = YES;
				CLANG_WARN_INT_CONVERSION = YES;
				CLANG_WARN_OBJC_ROOT_CLASS = YES_ERROR;
				CLANG_WARN_SUSPICIOUS_MOVE = YES;
				CLANG_WARN_UNREACHABLE_CODE = YES;
				CLANG_WARN__DUPLICATE_METHOD_MATCH = YES;
				"CODE_SIGN_IDENTITY[sdk=iphoneos*]" = "iPhone Developer";
				COPY_PHASE_STRIP = NO;
				DEBUG_INFORMATION_FORMAT = dwarf;
				ENABLE_STRICT_OBJC_MSGSEND = YES;
				ENABLE_TESTABILITY = YES;
				GCC_C_LANGUAGE_STANDARD = gnu99;
				GCC_DYNAMIC_NO_PIC = NO;
				GCC_NO_COMMON_BLOCKS = YES;
				GCC_OPTIMIZATION_LEVEL = 0;
				GCC_PREPROCESSOR_DEFINITIONS = (
					"DEBUG=1",
					"$(inherited)",
				);
				GCC_WARN_64_TO_32_BIT_CONVERSION = YES;
				GCC_WARN_ABOUT_RETURN_TYPE = YES_ERROR;
				GCC_WARN_UNDECLARED_SELECTOR = YES;
				GCC_WARN_UNINITIALIZED_AUTOS = YES_AGGRESSIVE;
				GCC_WARN_UNUSED_FUNCTION = YES;
				GCC_WARN_UNUSED_VARIABLE = YES;
				IPHONEOS_DEPLOYMENT_TARGET = 10.3;
				MTL_ENABLE_DEBUG_INFO = YES;
				ONLY_ACTIVE_ARCH = YES;
				SDKROOT = iphoneos;
				SWIFT_ACTIVE_COMPILATION_CONDITIONS = DEBUG;
				SWIFT_OPTIMIZATION_LEVEL = "-Onone";
				TARGETED_DEVICE_FAMILY = "1,2";
			};
			name = Debug;
		};
		EBBA88361EFD6377009EED7A /* Release */ = {
			isa = XCBuildConfiguration;
			buildSettings = {
				ALWAYS_SEARCH_USER_PATHS = NO;
				CLANG_ANALYZER_NONNULL = YES;
				CLANG_ANALYZER_NUMBER_OBJECT_CONVERSION = YES_AGGRESSIVE;
				CLANG_CXX_LANGUAGE_STANDARD = "gnu++0x";
				CLANG_CXX_LIBRARY = "libc++";
				CLANG_ENABLE_MODULES = YES;
				CLANG_ENABLE_OBJC_ARC = YES;
				CLANG_WARN_BOOL_CONVERSION = YES;
				CLANG_WARN_CONSTANT_CONVERSION = YES;
				CLANG_WARN_DIRECT_OBJC_ISA_USAGE = YES_ERROR;
				CLANG_WARN_DOCUMENTATION_COMMENTS = YES;
				CLANG_WARN_EMPTY_BODY = YES;
				CLANG_WARN_ENUM_CONVERSION = YES;
				CLANG_WARN_INFINITE_RECURSION = YES;
				CLANG_WARN_INT_CONVERSION = YES;
				CLANG_WARN_OBJC_ROOT_CLASS = YES_ERROR;
				CLANG_WARN_SUSPICIOUS_MOVE = YES;
				CLANG_WARN_UNREACHABLE_CODE = YES;
				CLANG_WARN__DUPLICATE_METHOD_MATCH = YES;
				"CODE_SIGN_IDENTITY[sdk=iphoneos*]" = "iPhone Developer";
				COPY_PHASE_STRIP = NO;
				DEBUG_INFORMATION_FORMAT = "dwarf-with-dsym";
				ENABLE_NS_ASSERTIONS = NO;
				ENABLE_STRICT_OBJC_MSGSEND = YES;
				GCC_C_LANGUAGE_STANDARD = gnu99;
				GCC_NO_COMMON_BLOCKS = YES;
				GCC_WARN_64_TO_32_BIT_CONVERSION = YES;
				GCC_WARN_ABOUT_RETURN_TYPE = YES_ERROR;
				GCC_WARN_UNDECLARED_SELECTOR = YES;
				GCC_WARN_UNINITIALIZED_AUTOS = YES_AGGRESSIVE;
				GCC_WARN_UNUSED_FUNCTION = YES;
				GCC_WARN_UNUSED_VARIABLE = YES;
				IPHONEOS_DEPLOYMENT_TARGET = 10.3;
				MTL_ENABLE_DEBUG_INFO = NO;
				SDKROOT = iphoneos;
				SWIFT_OPTIMIZATION_LEVEL = "-Owholemodule";
				TARGETED_DEVICE_FAMILY = "1,2";
				VALIDATE_PRODUCT = YES;
			};
			name = Release;
		};
		EBBA88381EFD6377009EED7A /* Debug */ = {
			isa = XCBuildConfiguration;
			buildSettings = {
				ASSETCATALOG_COMPILER_APPICON_NAME = AppIcon;
				DEVELOPMENT_TEAM = 592V4HSMJ5;
				INFOPLIST_FILE = "Circular Progress Tracker/Info.plist";
				LD_RUNPATH_SEARCH_PATHS = "$(inherited) @executable_path/Frameworks";
				PRODUCT_BUNDLE_IDENTIFIER = "com.example.Circular-Progress-Tracker";
				PRODUCT_NAME = "$(TARGET_NAME)";
				SWIFT_VERSION = 3.0;
			};
			name = Debug;
		};
		EBBA88391EFD6377009EED7A /* Release */ = {
			isa = XCBuildConfiguration;
			buildSettings = {
				ASSETCATALOG_COMPILER_APPICON_NAME = AppIcon;
				DEVELOPMENT_TEAM = 592V4HSMJ5;
				INFOPLIST_FILE = "Circular Progress Tracker/Info.plist";
				LD_RUNPATH_SEARCH_PATHS = "$(inherited) @executable_path/Frameworks";
				PRODUCT_BUNDLE_IDENTIFIER = "com.example.Circular-Progress-Tracker";
				PRODUCT_NAME = "$(TARGET_NAME)";
				SWIFT_VERSION = 3.0;
			};
			name = Release;
		};
/* End XCBuildConfiguration section */

/* Begin XCConfigurationList section */
		EB9DB0121F3A02B900CF7480 /* Build configuration list for PBXNativeTarget "Circular Progress TrackerTests" */ = {
			isa = XCConfigurationList;
			buildConfigurations = (
				EB9DB0131F3A02B900CF7480 /* Debug */,
				EB9DB0141F3A02B900CF7480 /* Release */,
			);
			defaultConfigurationIsVisible = 0;
		};
		EBBA88201EFD6377009EED7A /* Build configuration list for PBXProject "Circular Progress Tracker" */ = {
			isa = XCConfigurationList;
			buildConfigurations = (
				EBBA88351EFD6377009EED7A /* Debug */,
				EBBA88361EFD6377009EED7A /* Release */,
			);
			defaultConfigurationIsVisible = 0;
			defaultConfigurationName = Release;
		};
		EBBA88371EFD6377009EED7A /* Build configuration list for PBXNativeTarget "Circular Progress Tracker" */ = {
			isa = XCConfigurationList;
			buildConfigurations = (
				EBBA88381EFD6377009EED7A /* Debug */,
				EBBA88391EFD6377009EED7A /* Release */,
			);
			defaultConfigurationIsVisible = 0;
			defaultConfigurationName = Release;
		};
/* End XCConfigurationList section */
	};
	rootObject = EBBA881D1EFD6377009EED7A /* Project object */;
}
